
Microsoft Visual Studio Solution File, Format Version 12.00
# Visual Studio Version 17
VisualStudioVersion = 17.4.33213.308
MinimumVisualStudioVersion = 10.0.40219.1
Project("{8BC9CEB8-8B4A-11D0-8D11-00A0C91BC942}") = "CudaRuntime2", "CudaRuntime2.vcxproj", "{D9D00318-4D09-455A-BA64-EF65E1FB92EA}"
EndProject
Global
	GlobalSection(SolutionConfigurationPlatforms) = preSolution
		Debug|x64 = Debug|x64
		Release|x64 = Release|x64
	EndGlobalSection
	GlobalSection(ProjectConfigurationPlatforms) = postSolution
		{D9D00318-4D09-455A-BA64-EF65E1FB92EA}.Debug|x64.ActiveCfg = Debug|x64
		{D9D00318-4D09-455A-BA64-EF65E1FB92EA}.Debug|x64.Build.0 = Debug|x64
		{D9D00318-4D09-455A-BA64-EF65E1FB92EA}.Release|x64.ActiveCfg = Release|x64
		{D9D00318-4D09-455A-BA64-EF65E1FB92EA}.Release|x64.Build.0 = Release|x64
	EndGlobalSection
	GlobalSection(SolutionProperties) = preSolution
		HideSolutionNode = FALSE
	EndGlobalSection
	GlobalSection(ExtensibilityGlobals) = postSolution
		SolutionGuid = {D1B3C8E3-9F93-4074-91CF-140223331C2B}
	EndGlobalSection
EndGlobal
